{
  "name": "ditto-github-action",
  "version": "1.0.0",
  "lockfileVersion": 2,
  "requires": true,
  "packages": {
    "": {
      "name": "ditto-github-action",
      "version": "1.0.0",
      "license": "ISC",
      "dependencies": {
        "gh-action-stats": "^0.0.9"
      }
    },
    "node_modules/gh-action-stats": {
      "version": "0.0.9",
      "resolved": "https://registry.npmjs.org/gh-action-stats/-/gh-action-stats-0.0.9.tgz",
      "integrity": "sha512-IfQFY99uIICwbCgZ7LuRnYWT3beq0pfa+v4Fk5gPWORItAu5uUr3XFR/2/DgUzSFDwVcWEb7Idsj3vTPB5a4ww=="
    }
  },
  "dependencies": {
    "gh-action-stats": {
      "version": "0.0.9",
      "resolved": "https://registry.npmjs.org/gh-action-stats/-/gh-action-stats-0.0.9.tgz",
      "integrity": "sha512-IfQFY99uIICwbCgZ7LuRnYWT3beq0pfa+v4Fk5gPWORItAu5uUr3XFR/2/DgUzSFDwVcWEb7Idsj3vTPB5a4ww=="
    }
  }
}
